
Microsoft Visual Studio Solution File, Format Version 12.00
# Visual Studio Version 17
VisualStudioVersion = 17.13.35931.197 d17.13
MinimumVisualStudioVersion = 10.0.40219.1
Project("{FAE04EC0-301F-11D3-BF4B-00C04F79EFBC}") = "Aws-F-F", "Aws-F-F\Aws-F-F.csproj", "{A47A672C-D63F-4F4D-914C-FB30E8F77006}"
EndProject
Global
	GlobalSection(SolutionConfigurationPlatforms) = preSolution
		Debug|Any CPU = Debug|Any CPU
		Release|Any CPU = Release|Any CPU
	EndGlobalSection
	GlobalSection(ProjectConfigurationPlatforms) = postSolution
		{A47A672C-D63F-4F4D-914C-FB30E8F77006}.Debug|Any CPU.ActiveCfg = Debug|Any CPU
		{A47A672C-D63F-4F4D-914C-FB30E8F77006}.Debug|Any CPU.Build.0 = Debug|Any CPU
		{A47A672C-D63F-4F4D-914C-FB30E8F77006}.Release|Any CPU.ActiveCfg = Release|Any CPU
		{A47A672C-D63F-4F4D-914C-FB30E8F77006}.Release|Any CPU.Build.0 = Release|Any CPU
	EndGlobalSection
	GlobalSection(SolutionProperties) = preSolution
		HideSolutionNode = FALSE
	EndGlobalSection
	GlobalSection(ExtensibilityGlobals) = postSolution
		SolutionGuid = {339021A1-5439-4DE3-AF44-9A1053EC49E9}
	EndGlobalSection
EndGlobal
